
Microsoft Visual Studio Solution File, Format Version 12.00
# Visual Studio Version 17
VisualStudioVersion = 17.0.31919.166
MinimumVisualStudioVersion = 10.0.40219.1
Project("{FAE04EC0-301F-11D3-BF4B-00C04F79EFBC}") = "Gruppövning kata2_inheritance", "Gruppövning kata2_inheritance\Gruppövning kata2_inheritance.csproj", "{01B904A9-E479-4D86-B379-CF6FF3649D6E}"
EndProject
Global
	GlobalSection(SolutionConfigurationPlatforms) = preSolution
		Debug|Any CPU = Debug|Any CPU
		Release|Any CPU = Release|Any CPU
	EndGlobalSection
	GlobalSection(ProjectConfigurationPlatforms) = postSolution
		{01B904A9-E479-4D86-B379-CF6FF3649D6E}.Debug|Any CPU.ActiveCfg = Debug|Any CPU
		{01B904A9-E479-4D86-B379-CF6FF3649D6E}.Debug|Any CPU.Build.0 = Debug|Any CPU
		{01B904A9-E479-4D86-B379-CF6FF3649D6E}.Release|Any CPU.ActiveCfg = Release|Any CPU
		{01B904A9-E479-4D86-B379-CF6FF3649D6E}.Release|Any CPU.Build.0 = Release|Any CPU
	EndGlobalSection
	GlobalSection(SolutionProperties) = preSolution
		HideSolutionNode = FALSE
	EndGlobalSection
	GlobalSection(ExtensibilityGlobals) = postSolution
		SolutionGuid = {8A0FE8DA-76DD-4E41-A67B-6CAA3274827A}
	EndGlobalSection
EndGlobal
